# This file is generated by running "yarn install" inside your project.
# Manual changes might be lost - proceed with caution!

__metadata:
  version: 8
  cacheKey: 10c0

"chalk@npm:^5.6.2":
  version: 5.6.2
  resolution: "chalk@npm:5.6.2"
  checksum: 10c0/99a4b0f0e7991796b1e7e3f52dceb9137cae2a9dfc8fc0784a550dc4c558e15ab32ed70b14b21b52beb2679b4892b41a0aa44249bcb996f01e125d58477c6976
  languageName: node
  linkType: hard

"test-yarn@workspace:.":
  version: 0.0.0-use.local
  resolution: "test-yarn@workspace:."
  dependencies:
    chalk: "npm:^5.6.2"
  languageName: unknown
  linkType: soft
