# THIS IS AN AUTOGENERATED FILE. DO NOT EDIT THIS FILE DIRECTLY.
# yarn lockfile v1


"@types/node@^17.0.30":
  version "17.0.30"
  resolved "https://registry.yarnpkg.com/@types/node/-/node-17.0.30.tgz#2c6e8512acac70815e8176aa30c38025067880ef"
  integrity sha512-oNBIZjIqyHYP8VCNAV9uEytXVeXG2oR0w9lgAXro20eugRQfY002qr3CUl6BAe+Yf/z3CRjPdz27Pu6WWtuSRw==
