// !$*UTF8*$!
{
	archiveVersion = 1;
	classes = {
	};
	objectVersion = 77;
	objects = {

/* Begin PBXContainerItemProxy section */
		B5C926272CC7D5460051DECA /* PBXContainerItemProxy */ = {
			isa = PBXContainerItemProxy;
			containerPortal = B5C9260E2CC7D5450051DECA /* Project object */;
			proxyType = 1;
			remoteGlobalIDString = B5C926152CC7D5450051DECA;
			remoteInfo = "ch2-myfirstapp";
		};
		B5C926312CC7D5460051DECA /* PBXContainerItemProxy */ = {
			isa = PBXContainerItemProxy;
			containerPortal = B5C9260E2CC7D5450051DECA /* Project object */;
			proxyType = 1;
			remoteGlobalIDString = B5C926152CC7D5450051DECA;
			remoteInfo = "ch2-myfirstapp";
		};
/* End PBXContainerItemProxy section */

/* Begin PBXFileReference section */
		B5C926162CC7D5450051DECA /* ch2-myfirstapp.app */ = {isa = PBXFileReference; explicitFileType = wrapper.application; includeInIndex = 0; path = "ch2-myfirstapp.app"; sourceTree = BUILT_PRODUCTS_DIR; };
		B5C926262CC7D5460051DECA /* ch2-myfirstappTests.xctest */ = {isa = PBXFileReference; explicitFileType = wrapper.cfbundle; includeInIndex = 0; path = "ch2-myfirstappTests.xctest"; sourceTree = BUILT_PRODUCTS_DIR; };
		B5C926302CC7D5460051DECA /* ch2-myfirstappUITests.xctest */ = {isa = PBXFileReference; explicitFileType = wrapper.cfbundle; includeInIndex = 0; path = "ch2-myfirstappUITests.xctest"; sourceTree = BUILT_PRODUCTS_DIR; };
/* End PBXFileReference section */

/* Begin PBXFileSystemSynchronizedRootGroup section */
		B5C926182CC7D5450051DECA /* ch2-myfirstapp */ = {
			isa = PBXFileSystemSynchronizedRootGroup;
			path = "ch2-myfirstapp";
			sourceTree = "<group>";
		};
		B5C926292CC7D5460051DECA /* ch2-myfirstappTests */ = {
			isa = PBXFileSystemSynchronizedRootGroup;
			path = "ch2-myfirstappTests";
			sourceTree = "<group>";
		};
		B5C926332CC7D5460051DECA /* ch2-myfirstappUITests */ = {
			isa = PBXFileSystemSynchronizedRootGroup;
			path = "ch2-myfirstappUITests";
			sourceTree = "<group>";
		};
/* End PBXFileSystemSynchronizedRootGroup section */

/* Begin PBXFrameworksBuildPhase section */
		B5C926132CC7D5450051DECA /* Frameworks */ = {
			isa = PBXFrameworksBuildPhase;
			buildActionMask = 2147483647;
			files = (
			);
			runOnlyForDeploymentPostprocessing = 0;
		};
		B5C926232CC7D5460051DECA /* Frameworks */ = {
			isa = PBXFrameworksBuildPhase;
			buildActionMask = 2147483647;
			files = (
			);
			runOnlyForDeploymentPostprocessing = 0;
		};
		B5C9262D2CC7D5460051DECA /* Frameworks */ = {
			isa = PBXFrameworksBuildPhase;
			buildActionMask = 2147483647;
			files = (
			);
			runOnlyForDeploymentPostprocessing = 0;
		};
/* End PBXFrameworksBuildPhase section */

/* Begin PBXGroup section */
		B5C9260D2CC7D5450051DECA = {
			isa = PBXGroup;
			children = (
				B5C926182CC7D5450051DECA /* ch2-myfirstapp */,
				B5C926292CC7D5460051DECA /* ch2-myfirstappTests */,
				B5C926332CC7D5460051DECA /* ch2-myfirstappUITests */,
				B5C926172CC7D5450051DECA /* Products */,
			);
			sourceTree = "<group>";
		};
		B5C926172CC7D5450051DECA /* Products */ = {
			isa = PBXGroup;
			children = (
				B5C926162CC7D5450051DECA /* ch2-myfirstapp.app */,
				B5C926262CC7D5460051DECA /* ch2-myfirstappTests.xctest */,
				B5C926302CC7D5460051DECA /* ch2-myfirstappUITests.xctest */,
			);
			name = Products;
			sourceTree = "<group>";
		};
/* End PBXGroup section */

/* Begin PBXNativeTarget section */
		B5C926152CC7D5450051DECA /* ch2-myfirstapp */ = {
			isa = PBXNativeTarget;
			buildConfigurationList = B5C9263A2CC7D5460051DECA /* Build configuration list for PBXNativeTarget "ch2-myfirstapp" */;
			buildPhases = (
				B5C926122CC7D5450051DECA /* Sources */,
				B5C926132CC7D5450051DECA /* Frameworks */,
				B5C926142CC7D5450051DECA /* Resources */,
			);
			buildRules = (
			);
			dependencies = (
			);
			fileSystemSynchronizedGroups = (
				B5C926182CC7D5450051DECA /* ch2-myfirstapp */,
			);
			name = "ch2-myfirstapp";
			packageProductDependencies = (
			);
			productName = "ch2-myfirstapp";
			productReference = B5C926162CC7D5450051DECA /* ch2-myfirstapp.app */;
			productType = "com.apple.product-type.application";
		};
		B5C926252CC7D5460051DECA /* ch2-myfirstappTests */ = {
			isa = PBXNativeTarget;
			buildConfigurationList = B5C9263D2CC7D5460051DECA /* Build configuration list for PBXNativeTarget "ch2-myfirstappTests" */;
			buildPhases = (
				B5C926222CC7D5460051DECA /* Sources */,
				B5C926232CC7D5460051DECA /* Frameworks */,
				B5C926242CC7D5460051DECA /* Resources */,
			);
			buildRules = (
			);
			dependencies = (
				B5C926282CC7D5460051DECA /* PBXTargetDependency */,
			);
			fileSystemSynchronizedGroups = (
				B5C926292CC7D5460051DECA /* ch2-myfirstappTests */,
			);
			name = "ch2-myfirstappTests";
			packageProductDependencies = (
			);
			productName = "ch2-myfirstappTests";
			productReference = B5C926262CC7D5460051DECA /* ch2-myfirstappTests.xctest */;
			productType = "com.apple.product-type.bundle.unit-test";
		};
		B5C9262F2CC7D5460051DECA /* ch2-myfirstappUITests */ = {
			isa = PBXNativeTarget;
			buildConfigurationList = B5C926402CC7D5460051DECA /* Build configuration list for PBXNativeTarget "ch2-myfirstappUITests" */;
			buildPhases = (
				B5C9262C2CC7D5460051DECA /* Sources */,
				B5C9262D2CC7D5460051DECA /* Frameworks */,
				B5C9262E2CC7D5460051DECA /* Resources */,
			);
			buildRules = (
			);
			dependencies = (
				B5C926322CC7D5460051DECA /* PBXTargetDependency */,
			);
			fileSystemSynchronizedGroups = (
				B5C926332CC7D5460051DECA /* ch2-myfirstappUITests */,
			);
			name = "ch2-myfirstappUITests";
			packageProductDependencies = (
			);
			productName = "ch2-myfirstappUITests";
			productReference = B5C926302CC7D5460051DECA /* ch2-myfirstappUITests.xctest */;
			productType = "com.apple.product-type.bundle.ui-testing";
		};
/* End PBXNativeTarget section */

/* Begin PBXProject section */
		B5C9260E2CC7D5450051DECA /* Project object */ = {
			isa = PBXProject;
			attributes = {
				BuildIndependentTargetsInParallel = 1;
				LastSwiftUpdateCheck = 1600;
				LastUpgradeCheck = 1600;
				TargetAttributes = {
					B5C926152CC7D5450051DECA = {
						CreatedOnToolsVersion = 16.0;
					};
					B5C926252CC7D5460051DECA = {
						CreatedOnToolsVersion = 16.0;
						TestTargetID = B5C926152CC7D5450051DECA;
					};
					B5C9262F2CC7D5460051DECA = {
						CreatedOnToolsVersion = 16.0;
						TestTargetID = B5C926152CC7D5450051DECA;
					};
				};
			};
			buildConfigurationList = B5C926112CC7D5450051DECA /* Build configuration list for PBXProject "ch2-myfirstapp" */;
			developmentRegion = en;
			hasScannedForEncodings = 0;
			knownRegions = (
				en,
				Base,
			);
			mainGroup = B5C9260D2CC7D5450051DECA;
			minimizedProjectReferenceProxies = 1;
			preferredProjectObjectVersion = 77;
			productRefGroup = B5C926172CC7D5450051DECA /* Products */;
			projectDirPath = "";
			projectRoot = "";
			targets = (
				B5C926152CC7D5450051DECA /* ch2-myfirstapp */,
				B5C926252CC7D5460051DECA /* ch2-myfirstappTests */,
				B5C9262F2CC7D5460051DECA /* ch2-myfirstappUITests */,
			);
		};
/* End PBXProject section */

/* Begin PBXResourcesBuildPhase section */
		B5C926142CC7D5450051DECA /* Resources */ = {
			isa = PBXResourcesBuildPhase;
			buildActionMask = 2147483647;
			files = (
			);
			runOnlyForDeploymentPostprocessing = 0;
		};
		B5C926242CC7D5460051DECA /* Resources */ = {
			isa = PBXResourcesBuildPhase;
			buildActionMask = 2147483647;
			files = (
			);
			runOnlyForDeploymentPostprocessing = 0;
		};
		B5C9262E2CC7D5460051DECA /* Resources */ = {
			isa = PBXResourcesBuildPhase;
			buildActionMask = 2147483647;
			files = (
			);
			runOnlyForDeploymentPostprocessing = 0;
		};
/* End PBXResourcesBuildPhase section */

/* Begin PBXSourcesBuildPhase section */
		B5C926122CC7D5450051DECA /* Sources */ = {
			isa = PBXSourcesBuildPhase;
			buildActionMask = 2147483647;
			files = (
			);
			runOnlyForDeploymentPostprocessing = 0;
		};
		B5C926222CC7D5460051DECA /* Sources */ = {
			isa = PBXSourcesBuildPhase;
			buildActionMask = 2147483647;
			files = (
			);
			runOnlyForDeploymentPostprocessing = 0;
		};
		B5C9262C2CC7D5460051DECA /* Sources */ = {
			isa = PBXSourcesBuildPhase;
			buildActionMask = 2147483647;
			files = (
			);
			runOnlyForDeploymentPostprocessing = 0;
		};
/* End PBXSourcesBuildPhase section */

/* Begin PBXTargetDependency section */
		B5C926282CC7D5460051DECA /* PBXTargetDependency */ = {
			isa = PBXTargetDependency;
			target = B5C926152CC7D5450051DECA /* ch2-myfirstapp */;
			targetProxy = B5C926272CC7D5460051DECA /* PBXContainerItemProxy */;
		};
		B5C926322CC7D5460051DECA /* PBXTargetDependency */ = {
			isa = PBXTargetDependency;
			target = B5C926152CC7D5450051DECA /* ch2-myfirstapp */;
			targetProxy = B5C926312CC7D5460051DECA /* PBXContainerItemProxy */;
		};
/* End PBXTargetDependency section */

/* Begin XCBuildConfiguration section */
		B5C926382CC7D5460051DECA /* Debug */ = {
			isa = XCBuildConfiguration;
			buildSettings = {
				ALWAYS_SEARCH_USER_PATHS = NO;
				ASSETCATALOG_COMPILER_GENERATE_SWIFT_ASSET_SYMBOL_EXTENSIONS = YES;
				CLANG_ANALYZER_NONNULL = YES;
				CLANG_ANALYZER_NUMBER_OBJECT_CONVERSION = YES_AGGRESSIVE;
				CLANG_CXX_LANGUAGE_STANDARD = "gnu++20";
				CLANG_ENABLE_MODULES = YES;
				CLANG_ENABLE_OBJC_ARC = YES;
				CLANG_ENABLE_OBJC_WEAK = YES;
				CLANG_WARN_BLOCK_CAPTURE_AUTORELEASING = YES;
				CLANG_WARN_BOOL_CONVERSION = YES;
				CLANG_WARN_COMMA = YES;
				CLANG_WARN_CONSTANT_CONVERSION = YES;
				CLANG_WARN_DEPRECATED_OBJC_IMPLEMENTATIONS = YES;
				CLANG_WARN_DIRECT_OBJC_ISA_USAGE = YES_ERROR;
				CLANG_WARN_DOCUMENTATION_COMMENTS = YES;
				CLANG_WARN_EMPTY_BODY = YES;
				CLANG_WARN_ENUM_CONVERSION = YES;
				CLANG_WARN_INFINITE_RECURSION = YES;
				CLANG_WARN_INT_CONVERSION = YES;
				CLANG_WARN_NON_LITERAL_NULL_CONVERSION = YES;
				CLANG_WARN_OBJC_IMPLICIT_RETAIN_SELF = YES;
				CLANG_WARN_OBJC_LITERAL_CONVERSION = YES;
				CLANG_WARN_OBJC_ROOT_CLASS = YES_ERROR;
				CLANG_WARN_QUOTED_INCLUDE_IN_FRAMEWORK_HEADER = YES;
				CLANG_WARN_RANGE_LOOP_ANALYSIS = YES;
				CLANG_WARN_STRICT_PROTOTYPES = YES;
				CLANG_WARN_SUSPICIOUS_MOVE = YES;
				CLANG_WARN_UNGUARDED_AVAILABILITY = YES_AGGRESSIVE;
				CLANG_WARN_UNREACHABLE_CODE = YES;
				CLANG_WARN__DUPLICATE_METHOD_MATCH = YES;
				COPY_PHASE_STRIP = NO;
				DEBUG_INFORMATION_FORMAT = dwarf;
				ENABLE_STRICT_OBJC_MSGSEND = YES;
				ENABLE_TESTABILITY = YES;
				ENABLE_USER_SCRIPT_SANDBOXING = YES;
				GCC_C_LANGUAGE_STANDARD = gnu17;
				GCC_DYNAMIC_NO_PIC = NO;
				GCC_NO_COMMON_BLOCKS = YES;
				GCC_OPTIMIZATION_LEVEL = 0;
				GCC_PREPROCESSOR_DEFINITIONS = (
					"DEBUG=1",
					"$(inherited)",
				);
				GCC_WARN_64_TO_32_BIT_CONVERSION = YES;
				GCC_WARN_ABOUT_RETURN_TYPE = YES_ERROR;
				GCC_WARN_UNDECLARED_SELECTOR = YES;
				GCC_WARN_UNINITIALIZED_AUTOS = YES_AGGRESSIVE;
				GCC_WARN_UNUSED_FUNCTION = YES;
				GCC_WARN_UNUSED_VARIABLE = YES;
				IPHONEOS_DEPLOYMENT_TARGET = 18.0;
				LOCALIZATION_PREFERS_STRING_CATALOGS = YES;
				MTL_ENABLE_DEBUG_INFO = INCLUDE_SOURCE;
				MTL_FAST_MATH = YES;
				ONLY_ACTIVE_ARCH = YES;
				SDKROOT = iphoneos;
				SWIFT_ACTIVE_COMPILATION_CONDITIONS = "DEBUG $(inherited)";
				SWIFT_OPTIMIZATION_LEVEL = "-Onone";
			};
			name = Debug;
		};
		B5C926392CC7D5460051DECA /* Release */ = {
			isa = XCBuildConfiguration;
			buildSettings = {
				ALWAYS_SEARCH_USER_PATHS = NO;
				ASSETCATALOG_COMPILER_GENERATE_SWIFT_ASSET_SYMBOL_EXTENSIONS = YES;
				CLANG_ANALYZER_NONNULL = YES;
				CLANG_ANALYZER_NUMBER_OBJECT_CONVERSION = YES_AGGRESSIVE;
				CLANG_CXX_LANGUAGE_STANDARD = "gnu++20";
				CLANG_ENABLE_MODULES = YES;
				CLANG_ENABLE_OBJC_ARC = YES;
				CLANG_ENABLE_OBJC_WEAK = YES;
				CLANG_WARN_BLOCK_CAPTURE_AUTORELEASING = YES;
				CLANG_WARN_BOOL_CONVERSION = YES;
				CLANG_WARN_COMMA = YES;
				CLANG_WARN_CONSTANT_CONVERSION = YES;
				CLANG_WARN_DEPRECATED_OBJC_IMPLEMENTATIONS = YES;
				CLANG_WARN_DIRECT_OBJC_ISA_USAGE = YES_ERROR;
				CLANG_WARN_DOCUMENTATION_COMMENTS = YES;
				CLANG_WARN_EMPTY_BODY = YES;
				CLANG_WARN_ENUM_CONVERSION = YES;
				CLANG_WARN_INFINITE_RECURSION = YES;
				CLANG_WARN_INT_CONVERSION = YES;
				CLANG_WARN_NON_LITERAL_NULL_CONVERSION = YES;
				CLANG_WARN_OBJC_IMPLICIT_RETAIN_SELF = YES;
				CLANG_WARN_OBJC_LITERAL_CONVERSION = YES;
				CLANG_WARN_OBJC_ROOT_CLASS = YES_ERROR;
				CLANG_WARN_QUOTED_INCLUDE_IN_FRAMEWORK_HEADER = YES;
				CLANG_WARN_RANGE_LOOP_ANALYSIS = YES;
				CLANG_WARN_STRICT_PROTOTYPES = YES;
				CLANG_WARN_SUSPICIOUS_MOVE = YES;
				CLANG_WARN_UNGUARDED_AVAILABILITY = YES_AGGRESSIVE;
				CLANG_WARN_UNREACHABLE_CODE = YES;
				CLANG_WARN__DUPLICATE_METHOD_MATCH = YES;
				COPY_PHASE_STRIP = NO;
				DEBUG_INFORMATION_FORMAT = "dwarf-with-dsym";
				ENABLE_NS_ASSERTIONS = NO;
				ENABLE_STRICT_OBJC_MSGSEND = YES;
				ENABLE_USER_SCRIPT_SANDBOXING = YES;
				GCC_C_LANGUAGE_STANDARD = gnu17;
				GCC_NO_COMMON_BLOCKS = YES;
				GCC_WARN_64_TO_32_BIT_CONVERSION = YES;
				GCC_WARN_ABOUT_RETURN_TYPE = YES_ERROR;
				GCC_WARN_UNDECLARED_SELECTOR = YES;
				GCC_WARN_UNINITIALIZED_AUTOS = YES_AGGRESSIVE;
				GCC_WARN_UNUSED_FUNCTION = YES;
				GCC_WARN_UNUSED_VARIABLE = YES;
				IPHONEOS_DEPLOYMENT_TARGET = 18.0;
				LOCALIZATION_PREFERS_STRING_CATALOGS = YES;
				MTL_ENABLE_DEBUG_INFO = NO;
				MTL_FAST_MATH = YES;
				SDKROOT = iphoneos;
				SWIFT_COMPILATION_MODE = wholemodule;
				VALIDATE_PRODUCT = YES;
			};
			name = Release;
		};
		B5C9263B2CC7D5460051DECA /* Debug */ = {
			isa = XCBuildConfiguration;
			buildSettings = {
				ASSETCATALOG_COMPILER_APPICON_NAME = AppIcon;
				ASSETCATALOG_COMPILER_GLOBAL_ACCENT_COLOR_NAME = AccentColor;
				CODE_SIGN_STYLE = Automatic;
				CURRENT_PROJECT_VERSION = 1;
				DEVELOPMENT_ASSET_PATHS = "\"ch2-myfirstapp/Preview Content\"";
				ENABLE_PREVIEWS = YES;
				GENERATE_INFOPLIST_FILE = YES;
				INFOPLIST_KEY_UIApplicationSceneManifest_Generation = YES;
				INFOPLIST_KEY_UIApplicationSupportsIndirectInputEvents = YES;
				INFOPLIST_KEY_UILaunchScreen_Generation = YES;
				INFOPLIST_KEY_UISupportedInterfaceOrientations_iPad = "UIInterfaceOrientationPortrait UIInterfaceOrientationPortraitUpsideDown UIInterfaceOrientationLandscapeLeft UIInterfaceOrientationLandscapeRight";
				INFOPLIST_KEY_UISupportedInterfaceOrientations_iPhone = "UIInterfaceOrientationPortrait UIInterfaceOrientationLandscapeLeft UIInterfaceOrientationLandscapeRight";
				IPHONEOS_DEPLOYMENT_TARGET = 16.0;
				LD_RUNPATH_SEARCH_PATHS = (
					"$(inherited)",
					"@executable_path/Frameworks",
				);
				MARKETING_VERSION = 1.0;
				PRODUCT_BUNDLE_IDENTIFIER = "com.lucid-dream.ch2-myfirstapp";
				PRODUCT_NAME = "$(TARGET_NAME)";
				SWIFT_EMIT_LOC_STRINGS = YES;
				SWIFT_VERSION = 5.0;
				TARGETED_DEVICE_FAMILY = "1,2";
			};
			name = Debug;
		};
		B5C9263C2CC7D5460051DECA /* Release */ = {
			isa = XCBuildConfiguration;
			buildSettings = {
				ASSETCATALOG_COMPILER_APPICON_NAME = AppIcon;
				ASSETCATALOG_COMPILER_GLOBAL_ACCENT_COLOR_NAME = AccentColor;
				CODE_SIGN_STYLE = Automatic;
				CURRENT_PROJECT_VERSION = 1;
				DEVELOPMENT_ASSET_PATHS = "\"ch2-myfirstapp/Preview Content\"";
				ENABLE_PREVIEWS = YES;
				GENERATE_INFOPLIST_FILE = YES;
				INFOPLIST_KEY_UIApplicationSceneManifest_Generation = YES;
				INFOPLIST_KEY_UIApplicationSupportsIndirectInputEvents = YES;
				INFOPLIST_KEY_UILaunchScreen_Generation = YES;
				INFOPLIST_KEY_UISupportedInterfaceOrientations_iPad = "UIInterfaceOrientationPortrait UIInterfaceOrientationPortraitUpsideDown UIInterfaceOrientationLandscapeLeft UIInterfaceOrientationLandscapeRight";
				INFOPLIST_KEY_UISupportedInterfaceOrientations_iPhone = "UIInterfaceOrientationPortrait UIInterfaceOrientationLandscapeLeft UIInterfaceOrientationLandscapeRight";
				IPHONEOS_DEPLOYMENT_TARGET = 16.0;
				LD_RUNPATH_SEARCH_PATHS = (
					"$(inherited)",
					"@executable_path/Frameworks",
				);
				MARKETING_VERSION = 1.0;
				PRODUCT_BUNDLE_IDENTIFIER = "com.lucid-dream.ch2-myfirstapp";
				PRODUCT_NAME = "$(TARGET_NAME)";
				SWIFT_EMIT_LOC_STRINGS = YES;
				SWIFT_VERSION = 5.0;
				TARGETED_DEVICE_FAMILY = "1,2";
			};
			name = Release;
		};
		B5C9263E2CC7D5460051DECA /* Debug */ = {
			isa = XCBuildConfiguration;
			buildSettings = {
				BUNDLE_LOADER = "$(TEST_HOST)";
				CODE_SIGN_STYLE = Automatic;
				CURRENT_PROJECT_VERSION = 1;
				GENERATE_INFOPLIST_FILE = YES;
				IPHONEOS_DEPLOYMENT_TARGET = 18.0;
				MARKETING_VERSION = 1.0;
				PRODUCT_BUNDLE_IDENTIFIER = "com.lucid-dream.ch2-myfirstappTests";
				PRODUCT_NAME = "$(TARGET_NAME)";
				SWIFT_EMIT_LOC_STRINGS = NO;
				SWIFT_VERSION = 5.0;
				TARGETED_DEVICE_FAMILY = "1,2";
				TEST_HOST = "$(BUILT_PRODUCTS_DIR)/ch2-myfirstapp.app/$(BUNDLE_EXECUTABLE_FOLDER_PATH)/ch2-myfirstapp";
			};
			name = Debug;
		};
		B5C9263F2CC7D5460051DECA /* Release */ = {
			isa = XCBuildConfiguration;
			buildSettings = {
				BUNDLE_LOADER = "$(TEST_HOST)";
				CODE_SIGN_STYLE = Automatic;
				CURRENT_PROJECT_VERSION = 1;
				GENERATE_INFOPLIST_FILE = YES;
				IPHONEOS_DEPLOYMENT_TARGET = 18.0;
				MARKETING_VERSION = 1.0;
				PRODUCT_BUNDLE_IDENTIFIER = "com.lucid-dream.ch2-myfirstappTests";
				PRODUCT_NAME = "$(TARGET_NAME)";
				SWIFT_EMIT_LOC_STRINGS = NO;
				SWIFT_VERSION = 5.0;
				TARGETED_DEVICE_FAMILY = "1,2";
				TEST_HOST = "$(BUILT_PRODUCTS_DIR)/ch2-myfirstapp.app/$(BUNDLE_EXECUTABLE_FOLDER_PATH)/ch2-myfirstapp";
			};
			name = Release;
		};
		B5C926412CC7D5460051DECA /* Debug */ = {
			isa = XCBuildConfiguration;
			buildSettings = {
				CODE_SIGN_STYLE = Automatic;
				CURRENT_PROJECT_VERSION = 1;
				GENERATE_INFOPLIST_FILE = YES;
				MARKETING_VERSION = 1.0;
				PRODUCT_BUNDLE_IDENTIFIER = "com.lucid-dream.ch2-myfirstappUITests";
				PRODUCT_NAME = "$(TARGET_NAME)";
				SWIFT_EMIT_LOC_STRINGS = NO;
				SWIFT_VERSION = 5.0;
				TARGETED_DEVICE_FAMILY = "1,2";
				TEST_TARGET_NAME = "ch2-myfirstapp";
			};
			name = Debug;
		};
		B5C926422CC7D5460051DECA /* Release */ = {
			isa = XCBuildConfiguration;
			buildSettings = {
				CODE_SIGN_STYLE = Automatic;
				CURRENT_PROJECT_VERSION = 1;
				GENERATE_INFOPLIST_FILE = YES;
				MARKETING_VERSION = 1.0;
				PRODUCT_BUNDLE_IDENTIFIER = "com.lucid-dream.ch2-myfirstappUITests";
				PRODUCT_NAME = "$(TARGET_NAME)";
				SWIFT_EMIT_LOC_STRINGS = NO;
				SWIFT_VERSION = 5.0;
				TARGETED_DEVICE_FAMILY = "1,2";
				TEST_TARGET_NAME = "ch2-myfirstapp";
			};
			name = Release;
		};
/* End XCBuildConfiguration section */

/* Begin XCConfigurationList section */
		B5C926112CC7D5450051DECA /* Build configuration list for PBXProject "ch2-myfirstapp" */ = {
			isa = XCConfigurationList;
			buildConfigurations = (
				B5C926382CC7D5460051DECA /* Debug */,
				B5C926392CC7D5460051DECA /* Release */,
			);
			defaultConfigurationIsVisible = 0;
			defaultConfigurationName = Release;
		};
		B5C9263A2CC7D5460051DECA /* Build configuration list for PBXNativeTarget "ch2-myfirstapp" */ = {
			isa = XCConfigurationList;
			buildConfigurations = (
				B5C9263B2CC7D5460051DECA /* Debug */,
				B5C9263C2CC7D5460051DECA /* Release */,
			);
			defaultConfigurationIsVisible = 0;
			defaultConfigurationName = Release;
		};
		B5C9263D2CC7D5460051DECA /* Build configuration list for PBXNativeTarget "ch2-myfirstappTests" */ = {
			isa = XCConfigurationList;
			buildConfigurations = (
				B5C9263E2CC7D5460051DECA /* Debug */,
				B5C9263F2CC7D5460051DECA /* Release */,
			);
			defaultConfigurationIsVisible = 0;
			defaultConfigurationName = Release;
		};
		B5C926402CC7D5460051DECA /* Build configuration list for PBXNativeTarget "ch2-myfirstappUITests" */ = {
			isa = XCConfigurationList;
			buildConfigurations = (
				B5C926412CC7D5460051DECA /* Debug */,
				B5C926422CC7D5460051DECA /* Release */,
			);
			defaultConfigurationIsVisible = 0;
			defaultConfigurationName = Release;
		};
/* End XCConfigurationList section */
	};
	rootObject = B5C9260E2CC7D5450051DECA /* Project object */;
}
